
Microsoft Visual Studio Solution File, Format Version 12.00
# Visual Studio Version 16
VisualStudioVersion = 16.0.29102.190
MinimumVisualStudioVersion = 10.0.40219.1
Project("{FAE04EC0-301F-11D3-BF4B-00C04F79EFBC}") = "WpfApp4", "WpfApp4\WpfApp4.csproj", "{43FAF996-745E-48D1-902A-49070EFA684C}"
EndProject
Global
	GlobalSection(SolutionConfigurationPlatforms) = preSolution
		Debug|Any CPU = Debug|Any CPU
		Release|Any CPU = Release|Any CPU
	EndGlobalSection
	GlobalSection(ProjectConfigurationPlatforms) = postSolution
		{43FAF996-745E-48D1-902A-49070EFA684C}.Debug|Any CPU.ActiveCfg = Debug|Any CPU
		{43FAF996-745E-48D1-902A-49070EFA684C}.Debug|Any CPU.Build.0 = Debug|Any CPU
		{43FAF996-745E-48D1-902A-49070EFA684C}.Release|Any CPU.ActiveCfg = Release|Any CPU
		{43FAF996-745E-48D1-902A-49070EFA684C}.Release|Any CPU.Build.0 = Release|Any CPU
	EndGlobalSection
	GlobalSection(SolutionProperties) = preSolution
		HideSolutionNode = FALSE
	EndGlobalSection
	GlobalSection(ExtensibilityGlobals) = postSolution
		SolutionGuid = {37FCEAAC-5977-4394-A1E8-2A5D7FD1FE5F}
	EndGlobalSection
EndGlobal
